// !$*UTF8*$!
{
	archiveVersion = 1;
	classes = {
	};
	objectVersion = 56;
	objects = {

/* Begin PBXBuildFile section */
		4F21D16B2947721F001E8853 /* AppDelegate.swift in Sources */ = {isa = PBXBuildFile; fileRef = 4F21D16A2947721F001E8853 /* AppDelegate.swift */; };
		4F21D16D2947721F001E8853 /* SceneDelegate.swift in Sources */ = {isa = PBXBuildFile; fileRef = 4F21D16C2947721F001E8853 /* SceneDelegate.swift */; };
		4F21D16F2947721F001E8853 /* MainViewController.swift in Sources */ = {isa = PBXBuildFile; fileRef = 4F21D16E2947721F001E8853 /* MainViewController.swift */; };
		4F21D1742947721F001E8853 /* Assets.xcassets in Resources */ = {isa = PBXBuildFile; fileRef = 4F21D1732947721F001E8853 /* Assets.xcassets */; };
		4F21D1772947721F001E8853 /* LaunchScreen.storyboard in Resources */ = {isa = PBXBuildFile; fileRef = 4F21D1752947721F001E8853 /* LaunchScreen.storyboard */; };
		4F29DBB6295092A200B05E1C /* CategoriesViewModel.swift in Sources */ = {isa = PBXBuildFile; fileRef = 4F29DBB5295092A200B05E1C /* CategoriesViewModel.swift */; };
		4F29DBB8295092D100B05E1C /* CategoriesItemModel.swift in Sources */ = {isa = PBXBuildFile; fileRef = 4F29DBB7295092D100B05E1C /* CategoriesItemModel.swift */; };
		4F29DBCF2950A32700B05E1C /* CategoriesSectionModel.swift in Sources */ = {isa = PBXBuildFile; fileRef = 4F29DBCE2950A32700B05E1C /* CategoriesSectionModel.swift */; };
		4F29DBD12950B53D00B05E1C /* ArticlesViewModel.swift in Sources */ = {isa = PBXBuildFile; fileRef = 4F29DBD02950B53D00B05E1C /* ArticlesViewModel.swift */; };
		4F29DBD32950B54600B05E1C /* ArticlesSectionModel.swift in Sources */ = {isa = PBXBuildFile; fileRef = 4F29DBD22950B54600B05E1C /* ArticlesSectionModel.swift */; };
		4F29DBD52950B55000B05E1C /* ArticlesItemModel.swift in Sources */ = {isa = PBXBuildFile; fileRef = 4F29DBD42950B55000B05E1C /* ArticlesItemModel.swift */; };
		4F29DBEA29532CC000B05E1C /* SPDataCacheStore in Frameworks */ = {isa = PBXBuildFile; productRef = 4F29DBE929532CC000B05E1C /* SPDataCacheStore */; };
		4F29DBF229534A8A00B05E1C /* AsyncImageView.swift in Sources */ = {isa = PBXBuildFile; fileRef = 4F29DBF129534A8A00B05E1C /* AsyncImageView.swift */; };
		4F353357295595CB0094CAA8 /* ArticlesCollectionViewLayout.swift in Sources */ = {isa = PBXBuildFile; fileRef = 4F353356295595CB0094CAA8 /* ArticlesCollectionViewLayout.swift */; };
		4F35335B295599610094CAA8 /* ArticlesLargeContentView.swift in Sources */ = {isa = PBXBuildFile; fileRef = 4F35335A295599610094CAA8 /* ArticlesLargeContentView.swift */; };
		4F35335D295599940094CAA8 /* ArticlesLargeContentConfiguration.swift in Sources */ = {isa = PBXBuildFile; fileRef = 4F35335C295599940094CAA8 /* ArticlesLargeContentConfiguration.swift */; };
		4F4CD7C0294860AA0061689D /* SPWebParser in Frameworks */ = {isa = PBXBuildFile; productRef = 4F4CD7BF294860AA0061689D /* SPWebParser */; };
		4F6EC7DB294F55230082A9D3 /* StoryPaper_iOS_UITests.swift in Sources */ = {isa = PBXBuildFile; fileRef = 4F6EC7DA294F55230082A9D3 /* StoryPaper_iOS_UITests.swift */; };
		4F6EC7DD294F55230082A9D3 /* StoryPaper_iOS_UITestsLaunchTests.swift in Sources */ = {isa = PBXBuildFile; fileRef = 4F6EC7DC294F55230082A9D3 /* StoryPaper_iOS_UITestsLaunchTests.swift */; };
		4F6EC7E8294F56E50082A9D3 /* MainSplitViewController.swift in Sources */ = {isa = PBXBuildFile; fileRef = 4F6EC7E7294F56E50082A9D3 /* MainSplitViewController.swift */; };
		4F6EC7EB294F57980082A9D3 /* ArticlesViewController.swift in Sources */ = {isa = PBXBuildFile; fileRef = 4F6EC7EA294F57980082A9D3 /* ArticlesViewController.swift */; };
		4F6EC7EE294F57CD0082A9D3 /* CategoriesViewController.swift in Sources */ = {isa = PBXBuildFile; fileRef = 4F6EC7ED294F57CD0082A9D3 /* CategoriesViewController.swift */; };
/* End PBXBuildFile section */

/* Begin PBXContainerItemProxy section */
		4F6EC7DE294F55230082A9D3 /* PBXContainerItemProxy */ = {
			isa = PBXContainerItemProxy;
			containerPortal = 4F21D15F2947721F001E8853 /* Project object */;
			proxyType = 1;
			remoteGlobalIDString = 4F21D1662947721F001E8853;
			remoteInfo = StoryPaper_iOS;
		};
/* End PBXContainerItemProxy section */

/* Begin PBXFileReference section */
		4F21D1672947721F001E8853 /* StoryPaper_iOS.app */ = {isa = PBXFileReference; explicitFileType = wrapper.application; includeInIndex = 0; path = StoryPaper_iOS.app; sourceTree = BUILT_PRODUCTS_DIR; };
		4F21D16A2947721F001E8853 /* AppDelegate.swift */ = {isa = PBXFileReference; lastKnownFileType = sourcecode.swift; path = AppDelegate.swift; sourceTree = "<group>"; };
		4F21D16C2947721F001E8853 /* SceneDelegate.swift */ = {isa = PBXFileReference; lastKnownFileType = sourcecode.swift; path = SceneDelegate.swift; sourceTree = "<group>"; };
		4F21D16E2947721F001E8853 /* MainViewController.swift */ = {isa = PBXFileReference; lastKnownFileType = sourcecode.swift; path = MainViewController.swift; sourceTree = "<group>"; };
		4F21D1732947721F001E8853 /* Assets.xcassets */ = {isa = PBXFileReference; lastKnownFileType = folder.assetcatalog; path = Assets.xcassets; sourceTree = "<group>"; };
		4F21D1762947721F001E8853 /* Base */ = {isa = PBXFileReference; lastKnownFileType = file.storyboard; name = Base; path = Base.lproj/LaunchScreen.storyboard; sourceTree = "<group>"; };
		4F21D1782947721F001E8853 /* Info.plist */ = {isa = PBXFileReference; lastKnownFileType = text.plist.xml; path = Info.plist; sourceTree = "<group>"; };
		4F21D1DA2947840E001E8853 /* ko */ = {isa = PBXFileReference; lastKnownFileType = text.plist.strings; name = ko; path = ko.lproj/LaunchScreen.strings; sourceTree = "<group>"; };
		4F21D1DE29478419001E8853 /* en */ = {isa = PBXFileReference; lastKnownFileType = text.plist.strings; name = en; path = en.lproj/LaunchScreen.strings; sourceTree = "<group>"; };
		4F29DBB5295092A200B05E1C /* CategoriesViewModel.swift */ = {isa = PBXFileReference; lastKnownFileType = sourcecode.swift; path = CategoriesViewModel.swift; sourceTree = "<group>"; };
		4F29DBB7295092D100B05E1C /* CategoriesItemModel.swift */ = {isa = PBXFileReference; lastKnownFileType = sourcecode.swift; path = CategoriesItemModel.swift; sourceTree = "<group>"; };
		4F29DBCE2950A32700B05E1C /* CategoriesSectionModel.swift */ = {isa = PBXFileReference; lastKnownFileType = sourcecode.swift; path = CategoriesSectionModel.swift; sourceTree = "<group>"; };
		4F29DBD02950B53D00B05E1C /* ArticlesViewModel.swift */ = {isa = PBXFileReference; lastKnownFileType = sourcecode.swift; path = ArticlesViewModel.swift; sourceTree = "<group>"; };
		4F29DBD22950B54600B05E1C /* ArticlesSectionModel.swift */ = {isa = PBXFileReference; lastKnownFileType = sourcecode.swift; path = ArticlesSectionModel.swift; sourceTree = "<group>"; };
		4F29DBD42950B55000B05E1C /* ArticlesItemModel.swift */ = {isa = PBXFileReference; lastKnownFileType = sourcecode.swift; path = ArticlesItemModel.swift; sourceTree = "<group>"; };
		4F29DBF129534A8A00B05E1C /* AsyncImageView.swift */ = {isa = PBXFileReference; lastKnownFileType = sourcecode.swift; path = AsyncImageView.swift; sourceTree = "<group>"; };
		4F353356295595CB0094CAA8 /* ArticlesCollectionViewLayout.swift */ = {isa = PBXFileReference; lastKnownFileType = sourcecode.swift; path = ArticlesCollectionViewLayout.swift; sourceTree = "<group>"; };
		4F35335A295599610094CAA8 /* ArticlesLargeContentView.swift */ = {isa = PBXFileReference; lastKnownFileType = sourcecode.swift; path = ArticlesLargeContentView.swift; sourceTree = "<group>"; };
		4F35335C295599940094CAA8 /* ArticlesLargeContentConfiguration.swift */ = {isa = PBXFileReference; lastKnownFileType = sourcecode.swift; path = ArticlesLargeContentConfiguration.swift; sourceTree = "<group>"; };
		4F6EC7D8294F55230082A9D3 /* StoryPaper_iOS_UITests.xctest */ = {isa = PBXFileReference; explicitFileType = wrapper.cfbundle; includeInIndex = 0; path = StoryPaper_iOS_UITests.xctest; sourceTree = BUILT_PRODUCTS_DIR; };
		4F6EC7DA294F55230082A9D3 /* StoryPaper_iOS_UITests.swift */ = {isa = PBXFileReference; lastKnownFileType = sourcecode.swift; path = StoryPaper_iOS_UITests.swift; sourceTree = "<group>"; };
		4F6EC7DC294F55230082A9D3 /* StoryPaper_iOS_UITestsLaunchTests.swift */ = {isa = PBXFileReference; lastKnownFileType = sourcecode.swift; path = StoryPaper_iOS_UITestsLaunchTests.swift; sourceTree = "<group>"; };
		4F6EC7E7294F56E50082A9D3 /* MainSplitViewController.swift */ = {isa = PBXFileReference; lastKnownFileType = sourcecode.swift; path = MainSplitViewController.swift; sourceTree = "<group>"; };
		4F6EC7EA294F57980082A9D3 /* ArticlesViewController.swift */ = {isa = PBXFileReference; lastKnownFileType = sourcecode.swift; path = ArticlesViewController.swift; sourceTree = "<group>"; };
		4F6EC7ED294F57CD0082A9D3 /* CategoriesViewController.swift */ = {isa = PBXFileReference; lastKnownFileType = sourcecode.swift; path = CategoriesViewController.swift; sourceTree = "<group>"; };
/* End PBXFileReference section */

/* Begin PBXFrameworksBuildPhase section */
		4F21D1642947721F001E8853 /* Frameworks */ = {
			isa = PBXFrameworksBuildPhase;
			buildActionMask = 2147483647;
			files = (
				4F29DBEA29532CC000B05E1C /* SPDataCacheStore in Frameworks */,
				4F4CD7C0294860AA0061689D /* SPWebParser in Frameworks */,
			);
			runOnlyForDeploymentPostprocessing = 0;
		};
		4F6EC7D5294F55230082A9D3 /* Frameworks */ = {
			isa = PBXFrameworksBuildPhase;
			buildActionMask = 2147483647;
			files = (
			);
			runOnlyForDeploymentPostprocessing = 0;
		};
/* End PBXFrameworksBuildPhase section */

/* Begin PBXGroup section */
		4F21D15E2947721F001E8853 = {
			isa = PBXGroup;
			children = (
				4F21D1692947721F001E8853 /* StoryPaper_iOS */,
				4F6EC7D9294F55230082A9D3 /* StoryPaper_iOS_UITests */,
				4F21D1682947721F001E8853 /* Products */,
				4F21D1C829477496001E8853 /* Frameworks */,
			);
			sourceTree = "<group>";
		};
		4F21D1682947721F001E8853 /* Products */ = {
			isa = PBXGroup;
			children = (
				4F21D1672947721F001E8853 /* StoryPaper_iOS.app */,
				4F6EC7D8294F55230082A9D3 /* StoryPaper_iOS_UITests.xctest */,
			);
			name = Products;
			sourceTree = "<group>";
		};
		4F21D1692947721F001E8853 /* StoryPaper_iOS */ = {
			isa = PBXGroup;
			children = (
				4F6EC7E3294F56260082A9D3 /* Application */,
				4F6EC7E4294F56460082A9D3 /* Views */,
			);
			path = StoryPaper_iOS;
			sourceTree = "<group>";
		};
		4F21D1C829477496001E8853 /* Frameworks */ = {
			isa = PBXGroup;
			children = (
			);
			name = Frameworks;
			sourceTree = "<group>";
		};
		4F29DBF029534A6C00B05E1C /* Components */ = {
			isa = PBXGroup;
			children = (
				4F29DBF129534A8A00B05E1C /* AsyncImageView.swift */,
			);
			path = Components;
			sourceTree = "<group>";
		};
		4F6EC7D9294F55230082A9D3 /* StoryPaper_iOS_UITests */ = {
			isa = PBXGroup;
			children = (
				4F6EC7DA294F55230082A9D3 /* StoryPaper_iOS_UITests.swift */,
				4F6EC7DC294F55230082A9D3 /* StoryPaper_iOS_UITestsLaunchTests.swift */,
			);
			path = StoryPaper_iOS_UITests;
			sourceTree = "<group>";
		};
		4F6EC7E3294F56260082A9D3 /* Application */ = {
			isa = PBXGroup;
			children = (
				4F21D16A2947721F001E8853 /* AppDelegate.swift */,
				4F21D16C2947721F001E8853 /* SceneDelegate.swift */,
				4F21D1732947721F001E8853 /* Assets.xcassets */,
				4F21D1752947721F001E8853 /* LaunchScreen.storyboard */,
				4F21D1782947721F001E8853 /* Info.plist */,
			);
			path = Application;
			sourceTree = "<group>";
		};
		4F6EC7E4294F56460082A9D3 /* Views */ = {
			isa = PBXGroup;
			children = (
				4F29DBF029534A6C00B05E1C /* Components */,
				4F6EC7E5294F564D0082A9D3 /* Main */,
				4F6EC7EC294F57AA0082A9D3 /* Categories */,
				4F6EC7E9294F577C0082A9D3 /* Articles */,
			);
			path = Views;
			sourceTree = "<group>";
		};
		4F6EC7E5294F564D0082A9D3 /* Main */ = {
			isa = PBXGroup;
			children = (
				4F21D16E2947721F001E8853 /* MainViewController.swift */,
				4F6EC7E7294F56E50082A9D3 /* MainSplitViewController.swift */,
			);
			path = Main;
			sourceTree = "<group>";
		};
		4F6EC7E9294F577C0082A9D3 /* Articles */ = {
			isa = PBXGroup;
			children = (
				4F6EC7EA294F57980082A9D3 /* ArticlesViewController.swift */,
				4F29DBD02950B53D00B05E1C /* ArticlesViewModel.swift */,
				4F29DBD22950B54600B05E1C /* ArticlesSectionModel.swift */,
				4F29DBD42950B55000B05E1C /* ArticlesItemModel.swift */,
				4F353356295595CB0094CAA8 /* ArticlesCollectionViewLayout.swift */,
				4F35335C295599940094CAA8 /* ArticlesLargeContentConfiguration.swift */,
				4F35335A295599610094CAA8 /* ArticlesLargeContentView.swift */,
			);
			path = Articles;
			sourceTree = "<group>";
		};
		4F6EC7EC294F57AA0082A9D3 /* Categories */ = {
			isa = PBXGroup;
			children = (
				4F6EC7ED294F57CD0082A9D3 /* CategoriesViewController.swift */,
				4F29DBB5295092A200B05E1C /* CategoriesViewModel.swift */,
				4F29DBCE2950A32700B05E1C /* CategoriesSectionModel.swift */,
				4F29DBB7295092D100B05E1C /* CategoriesItemModel.swift */,
			);
			path = Categories;
			sourceTree = "<group>";
		};
/* End PBXGroup section */

/* Begin PBXNativeTarget section */
		4F21D1662947721F001E8853 /* StoryPaper_iOS */ = {
			isa = PBXNativeTarget;
			buildConfigurationList = 4F21D17B2947721F001E8853 /* Build configuration list for PBXNativeTarget "StoryPaper_iOS" */;
			buildPhases = (
				4F21D1632947721F001E8853 /* Sources */,
				4F21D1642947721F001E8853 /* Frameworks */,
				4F21D1652947721F001E8853 /* Resources */,
			);
			buildRules = (
			);
			dependencies = (
			);
			name = StoryPaper_iOS;
			packageProductDependencies = (
				4F4CD7BF294860AA0061689D /* SPWebParser */,
				4F29DBE929532CC000B05E1C /* SPDataCacheStore */,
			);
			productName = StoryPaper_iOS;
			productReference = 4F21D1672947721F001E8853 /* StoryPaper_iOS.app */;
			productType = "com.apple.product-type.application";
		};
		4F6EC7D7294F55230082A9D3 /* StoryPaper_iOS_UITests */ = {
			isa = PBXNativeTarget;
			buildConfigurationList = 4F6EC7E2294F55230082A9D3 /* Build configuration list for PBXNativeTarget "StoryPaper_iOS_UITests" */;
			buildPhases = (
				4F6EC7D4294F55230082A9D3 /* Sources */,
				4F6EC7D5294F55230082A9D3 /* Frameworks */,
				4F6EC7D6294F55230082A9D3 /* Resources */,
			);
			buildRules = (
			);
			dependencies = (
				4F6EC7DF294F55230082A9D3 /* PBXTargetDependency */,
			);
			name = StoryPaper_iOS_UITests;
			productName = StoryPaper_iOS_UITests;
			productReference = 4F6EC7D8294F55230082A9D3 /* StoryPaper_iOS_UITests.xctest */;
			productType = "com.apple.product-type.bundle.ui-testing";
		};
/* End PBXNativeTarget section */

/* Begin PBXProject section */
		4F21D15F2947721F001E8853 /* Project object */ = {
			isa = PBXProject;
			attributes = {
				BuildIndependentTargetsInParallel = 1;
				LastSwiftUpdateCheck = 1420;
				LastUpgradeCheck = 1420;
				TargetAttributes = {
					4F21D1662947721F001E8853 = {
						CreatedOnToolsVersion = 14.2;
					};
					4F6EC7D7294F55230082A9D3 = {
						CreatedOnToolsVersion = 14.2;
						TestTargetID = 4F21D1662947721F001E8853;
					};
				};
			};
			buildConfigurationList = 4F21D1622947721F001E8853 /* Build configuration list for PBXProject "StoryPaper_iOS" */;
			compatibilityVersion = "Xcode 14.0";
			developmentRegion = en;
			hasScannedForEncodings = 0;
			knownRegions = (
				en,
				Base,
				ko,
			);
			mainGroup = 4F21D15E2947721F001E8853;
			productRefGroup = 4F21D1682947721F001E8853 /* Products */;
			projectDirPath = "";
			projectRoot = "";
			targets = (
				4F21D1662947721F001E8853 /* StoryPaper_iOS */,
				4F6EC7D7294F55230082A9D3 /* StoryPaper_iOS_UITests */,
			);
		};
/* End PBXProject section */

/* Begin PBXResourcesBuildPhase section */
		4F21D1652947721F001E8853 /* Resources */ = {
			isa = PBXResourcesBuildPhase;
			buildActionMask = 2147483647;
			files = (
				4F21D1772947721F001E8853 /* LaunchScreen.storyboard in Resources */,
				4F21D1742947721F001E8853 /* Assets.xcassets in Resources */,
			);
			runOnlyForDeploymentPostprocessing = 0;
		};
		4F6EC7D6294F55230082A9D3 /* Resources */ = {
			isa = PBXResourcesBuildPhase;
			buildActionMask = 2147483647;
			files = (
			);
			runOnlyForDeploymentPostprocessing = 0;
		};
/* End PBXResourcesBuildPhase section */

/* Begin PBXSourcesBuildPhase section */
		4F21D1632947721F001E8853 /* Sources */ = {
			isa = PBXSourcesBuildPhase;
			buildActionMask = 2147483647;
			files = (
				4F29DBF229534A8A00B05E1C /* AsyncImageView.swift in Sources */,
				4F35335B295599610094CAA8 /* ArticlesLargeContentView.swift in Sources */,
				4F353357295595CB0094CAA8 /* ArticlesCollectionViewLayout.swift in Sources */,
				4F29DBCF2950A32700B05E1C /* CategoriesSectionModel.swift in Sources */,
				4F35335D295599940094CAA8 /* ArticlesLargeContentConfiguration.swift in Sources */,
				4F29DBD52950B55000B05E1C /* ArticlesItemModel.swift in Sources */,
				4F29DBD12950B53D00B05E1C /* ArticlesViewModel.swift in Sources */,
				4F6EC7E8294F56E50082A9D3 /* MainSplitViewController.swift in Sources */,
				4F29DBD32950B54600B05E1C /* ArticlesSectionModel.swift in Sources */,
				4F21D16F2947721F001E8853 /* MainViewController.swift in Sources */,
				4F6EC7EE294F57CD0082A9D3 /* CategoriesViewController.swift in Sources */,
				4F29DBB8295092D100B05E1C /* CategoriesItemModel.swift in Sources */,
				4F21D16B2947721F001E8853 /* AppDelegate.swift in Sources */,
				4F21D16D2947721F001E8853 /* SceneDelegate.swift in Sources */,
				4F6EC7EB294F57980082A9D3 /* ArticlesViewController.swift in Sources */,
				4F29DBB6295092A200B05E1C /* CategoriesViewModel.swift in Sources */,
			);
			runOnlyForDeploymentPostprocessing = 0;
		};
		4F6EC7D4294F55230082A9D3 /* Sources */ = {
			isa = PBXSourcesBuildPhase;
			buildActionMask = 2147483647;
			files = (
				4F6EC7DB294F55230082A9D3 /* StoryPaper_iOS_UITests.swift in Sources */,
				4F6EC7DD294F55230082A9D3 /* StoryPaper_iOS_UITestsLaunchTests.swift in Sources */,
			);
			runOnlyForDeploymentPostprocessing = 0;
		};
/* End PBXSourcesBuildPhase section */

/* Begin PBXTargetDependency section */
		4F6EC7DF294F55230082A9D3 /* PBXTargetDependency */ = {
			isa = PBXTargetDependency;
			target = 4F21D1662947721F001E8853 /* StoryPaper_iOS */;
			targetProxy = 4F6EC7DE294F55230082A9D3 /* PBXContainerItemProxy */;
		};
/* End PBXTargetDependency section */

/* Begin PBXVariantGroup section */
		4F21D1752947721F001E8853 /* LaunchScreen.storyboard */ = {
			isa = PBXVariantGroup;
			children = (
				4F21D1762947721F001E8853 /* Base */,
				4F21D1DA2947840E001E8853 /* ko */,
				4F21D1DE29478419001E8853 /* en */,
			);
			name = LaunchScreen.storyboard;
			sourceTree = "<group>";
		};
/* End PBXVariantGroup section */

/* Begin XCBuildConfiguration section */
		4F21D1792947721F001E8853 /* Debug */ = {
			isa = XCBuildConfiguration;
			buildSettings = {
				ALWAYS_SEARCH_USER_PATHS = NO;
				CLANG_ANALYZER_LOCALIZABILITY_NONLOCALIZED = YES;
				CLANG_ANALYZER_NONNULL = YES;
				CLANG_ANALYZER_NUMBER_OBJECT_CONVERSION = YES_AGGRESSIVE;
				CLANG_CXX_LANGUAGE_STANDARD = "gnu++20";
				CLANG_ENABLE_MODULES = YES;
				CLANG_ENABLE_OBJC_ARC = YES;
				CLANG_ENABLE_OBJC_WEAK = YES;
				CLANG_WARN_BLOCK_CAPTURE_AUTORELEASING = YES;
				CLANG_WARN_BOOL_CONVERSION = YES;
				CLANG_WARN_COMMA = YES;
				CLANG_WARN_CONSTANT_CONVERSION = YES;
				CLANG_WARN_DEPRECATED_OBJC_IMPLEMENTATIONS = YES;
				CLANG_WARN_DIRECT_OBJC_ISA_USAGE = YES_ERROR;
				CLANG_WARN_DOCUMENTATION_COMMENTS = YES;
				CLANG_WARN_EMPTY_BODY = YES;
				CLANG_WARN_ENUM_CONVERSION = YES;
				CLANG_WARN_INFINITE_RECURSION = YES;
				CLANG_WARN_INT_CONVERSION = YES;
				CLANG_WARN_NON_LITERAL_NULL_CONVERSION = YES;
				CLANG_WARN_OBJC_IMPLICIT_RETAIN_SELF = YES;
				CLANG_WARN_OBJC_LITERAL_CONVERSION = YES;
				CLANG_WARN_OBJC_ROOT_CLASS = YES_ERROR;
				CLANG_WARN_QUOTED_INCLUDE_IN_FRAMEWORK_HEADER = YES;
				CLANG_WARN_RANGE_LOOP_ANALYSIS = YES;
				CLANG_WARN_STRICT_PROTOTYPES = YES;
				CLANG_WARN_SUSPICIOUS_MOVE = YES;
				CLANG_WARN_UNGUARDED_AVAILABILITY = YES_AGGRESSIVE;
				CLANG_WARN_UNREACHABLE_CODE = YES;
				CLANG_WARN__DUPLICATE_METHOD_MATCH = YES;
				COPY_PHASE_STRIP = NO;
				DEBUG_INFORMATION_FORMAT = dwarf;
				ENABLE_STRICT_OBJC_MSGSEND = YES;
				ENABLE_TESTABILITY = YES;
				GCC_C_LANGUAGE_STANDARD = gnu11;
				GCC_DYNAMIC_NO_PIC = NO;
				GCC_NO_COMMON_BLOCKS = YES;
				GCC_OPTIMIZATION_LEVEL = 0;
				GCC_PREPROCESSOR_DEFINITIONS = (
					"DEBUG=1",
					"$(inherited)",
				);
				GCC_WARN_64_TO_32_BIT_CONVERSION = YES;
				GCC_WARN_ABOUT_RETURN_TYPE = YES_ERROR;
				GCC_WARN_UNDECLARED_SELECTOR = YES;
				GCC_WARN_UNINITIALIZED_AUTOS = YES_AGGRESSIVE;
				GCC_WARN_UNUSED_FUNCTION = YES;
				GCC_WARN_UNUSED_VARIABLE = YES;
				IPHONEOS_DEPLOYMENT_TARGET = 16.0;
				MTL_ENABLE_DEBUG_INFO = INCLUDE_SOURCE;
				MTL_FAST_MATH = YES;
				ONLY_ACTIVE_ARCH = YES;
				SDKROOT = iphoneos;
				SWIFT_ACTIVE_COMPILATION_CONDITIONS = DEBUG;
				SWIFT_OPTIMIZATION_LEVEL = "-Onone";
				SWIFT_STRICT_CONCURRENCY = complete;
				WATCHOS_DEPLOYMENT_TARGET = 9.0;
			};
			name = Debug;
		};
		4F21D17A2947721F001E8853 /* Release */ = {
			isa = XCBuildConfiguration;
			buildSettings = {
				ALWAYS_SEARCH_USER_PATHS = NO;
				CLANG_ANALYZER_LOCALIZABILITY_NONLOCALIZED = YES;
				CLANG_ANALYZER_NONNULL = YES;
				CLANG_ANALYZER_NUMBER_OBJECT_CONVERSION = YES_AGGRESSIVE;
				CLANG_CXX_LANGUAGE_STANDARD = "gnu++20";
				CLANG_ENABLE_MODULES = YES;
				CLANG_ENABLE_OBJC_ARC = YES;
				CLANG_ENABLE_OBJC_WEAK = YES;
				CLANG_WARN_BLOCK_CAPTURE_AUTORELEASING = YES;
				CLANG_WARN_BOOL_CONVERSION = YES;
				CLANG_WARN_COMMA = YES;
				CLANG_WARN_CONSTANT_CONVERSION = YES;
				CLANG_WARN_DEPRECATED_OBJC_IMPLEMENTATIONS = YES;
				CLANG_WARN_DIRECT_OBJC_ISA_USAGE = YES_ERROR;
				CLANG_WARN_DOCUMENTATION_COMMENTS = YES;
				CLANG_WARN_EMPTY_BODY = YES;
				CLANG_WARN_ENUM_CONVERSION = YES;
				CLANG_WARN_INFINITE_RECURSION = YES;
				CLANG_WARN_INT_CONVERSION = YES;
				CLANG_WARN_NON_LITERAL_NULL_CONVERSION = YES;
				CLANG_WARN_OBJC_IMPLICIT_RETAIN_SELF = YES;
				CLANG_WARN_OBJC_LITERAL_CONVERSION = YES;
				CLANG_WARN_OBJC_ROOT_CLASS = YES_ERROR;
				CLANG_WARN_QUOTED_INCLUDE_IN_FRAMEWORK_HEADER = YES;
				CLANG_WARN_RANGE_LOOP_ANALYSIS = YES;
				CLANG_WARN_STRICT_PROTOTYPES = YES;
				CLANG_WARN_SUSPICIOUS_MOVE = YES;
				CLANG_WARN_UNGUARDED_AVAILABILITY = YES_AGGRESSIVE;
				CLANG_WARN_UNREACHABLE_CODE = YES;
				CLANG_WARN__DUPLICATE_METHOD_MATCH = YES;
				COPY_PHASE_STRIP = NO;
				DEBUG_INFORMATION_FORMAT = "dwarf-with-dsym";
				ENABLE_NS_ASSERTIONS = NO;
				ENABLE_STRICT_OBJC_MSGSEND = YES;
				GCC_C_LANGUAGE_STANDARD = gnu11;
				GCC_NO_COMMON_BLOCKS = YES;
				GCC_WARN_64_TO_32_BIT_CONVERSION = YES;
				GCC_WARN_ABOUT_RETURN_TYPE = YES_ERROR;
				GCC_WARN_UNDECLARED_SELECTOR = YES;
				GCC_WARN_UNINITIALIZED_AUTOS = YES_AGGRESSIVE;
				GCC_WARN_UNUSED_FUNCTION = YES;
				GCC_WARN_UNUSED_VARIABLE = YES;
				IPHONEOS_DEPLOYMENT_TARGET = 16.0;
				MTL_ENABLE_DEBUG_INFO = NO;
				MTL_FAST_MATH = YES;
				SDKROOT = iphoneos;
				SWIFT_COMPILATION_MODE = wholemodule;
				SWIFT_OPTIMIZATION_LEVEL = "-O";
				SWIFT_STRICT_CONCURRENCY = complete;
				VALIDATE_PRODUCT = YES;
				WATCHOS_DEPLOYMENT_TARGET = 9.0;
			};
			name = Release;
		};
		4F21D17C2947721F001E8853 /* Debug */ = {
			isa = XCBuildConfiguration;
			buildSettings = {
				ASSETCATALOG_COMPILER_APPICON_NAME = AppIcon;
				ASSETCATALOG_COMPILER_GLOBAL_ACCENT_COLOR_NAME = AccentColor;
				CODE_SIGN_STYLE = Automatic;
				CURRENT_PROJECT_VERSION = 1;
				DEVELOPMENT_TEAM = P53D29U9LJ;
				GENERATE_INFOPLIST_FILE = YES;
				INFOPLIST_FILE = StoryPaper_iOS/Application/Info.plist;
				INFOPLIST_KEY_UIApplicationSupportsIndirectInputEvents = YES;
				INFOPLIST_KEY_UILaunchStoryboardName = LaunchScreen;
				INFOPLIST_KEY_UISupportedInterfaceOrientations_iPad = "UIInterfaceOrientationPortrait UIInterfaceOrientationPortraitUpsideDown UIInterfaceOrientationLandscapeLeft UIInterfaceOrientationLandscapeRight";
				INFOPLIST_KEY_UISupportedInterfaceOrientations_iPhone = "UIInterfaceOrientationPortrait UIInterfaceOrientationLandscapeLeft UIInterfaceOrientationLandscapeRight";
				IPHONEOS_DEPLOYMENT_TARGET = 16.0;
				LD_RUNPATH_SEARCH_PATHS = (
					"$(inherited)",
					"@executable_path/Frameworks",
				);
				MARKETING_VERSION = 1.0;
				PRODUCT_BUNDLE_IDENTIFIER = com.pookjw.storypaper.ios;
				PRODUCT_NAME = "$(TARGET_NAME)";
				SWIFT_EMIT_LOC_STRINGS = YES;
				SWIFT_VERSION = 5.0;
				TARGETED_DEVICE_FAMILY = "1,2";
			};
			name = Debug;
		};
		4F21D17D2947721F001E8853 /* Release */ = {
			isa = XCBuildConfiguration;
			buildSettings = {
				ASSETCATALOG_COMPILER_APPICON_NAME = AppIcon;
				ASSETCATALOG_COMPILER_GLOBAL_ACCENT_COLOR_NAME = AccentColor;
				CODE_SIGN_STYLE = Automatic;
				CURRENT_PROJECT_VERSION = 1;
				DEVELOPMENT_TEAM = P53D29U9LJ;
				GENERATE_INFOPLIST_FILE = YES;
				INFOPLIST_FILE = StoryPaper_iOS/Application/Info.plist;
				INFOPLIST_KEY_UIApplicationSupportsIndirectInputEvents = YES;
				INFOPLIST_KEY_UILaunchStoryboardName = LaunchScreen;
				INFOPLIST_KEY_UISupportedInterfaceOrientations_iPad = "UIInterfaceOrientationPortrait UIInterfaceOrientationPortraitUpsideDown UIInterfaceOrientationLandscapeLeft UIInterfaceOrientationLandscapeRight";
				INFOPLIST_KEY_UISupportedInterfaceOrientations_iPhone = "UIInterfaceOrientationPortrait UIInterfaceOrientationLandscapeLeft UIInterfaceOrientationLandscapeRight";
				IPHONEOS_DEPLOYMENT_TARGET = 16.0;
				LD_RUNPATH_SEARCH_PATHS = (
					"$(inherited)",
					"@executable_path/Frameworks",
				);
				MARKETING_VERSION = 1.0;
				PRODUCT_BUNDLE_IDENTIFIER = com.pookjw.storypaper.ios;
				PRODUCT_NAME = "$(TARGET_NAME)";
				SWIFT_EMIT_LOC_STRINGS = YES;
				SWIFT_VERSION = 5.0;
				TARGETED_DEVICE_FAMILY = "1,2";
			};
			name = Release;
		};
		4F6EC7E0294F55230082A9D3 /* Debug */ = {
			isa = XCBuildConfiguration;
			buildSettings = {
				CODE_SIGN_STYLE = Automatic;
				CURRENT_PROJECT_VERSION = 1;
				DEVELOPMENT_TEAM = P53D29U9LJ;
				GENERATE_INFOPLIST_FILE = YES;
				IPHONEOS_DEPLOYMENT_TARGET = 16.2;
				MARKETING_VERSION = 1.0;
				PRODUCT_BUNDLE_IDENTIFIER = com.pookjw.storypaper.ios.uitests;
				PRODUCT_NAME = "$(TARGET_NAME)";
				SWIFT_EMIT_LOC_STRINGS = NO;
				SWIFT_VERSION = 5.0;
				TARGETED_DEVICE_FAMILY = "1,2";
				TEST_TARGET_NAME = StoryPaper_iOS;
			};
			name = Debug;
		};
		4F6EC7E1294F55230082A9D3 /* Release */ = {
			isa = XCBuildConfiguration;
			buildSettings = {
				CODE_SIGN_STYLE = Automatic;
				CURRENT_PROJECT_VERSION = 1;
				DEVELOPMENT_TEAM = P53D29U9LJ;
				GENERATE_INFOPLIST_FILE = YES;
				IPHONEOS_DEPLOYMENT_TARGET = 16.2;
				MARKETING_VERSION = 1.0;
				PRODUCT_BUNDLE_IDENTIFIER = com.pookjw.storypaper.ios.uitests;
				PRODUCT_NAME = "$(TARGET_NAME)";
				SWIFT_EMIT_LOC_STRINGS = NO;
				SWIFT_VERSION = 5.0;
				TARGETED_DEVICE_FAMILY = "1,2";
				TEST_TARGET_NAME = StoryPaper_iOS;
			};
			name = Release;
		};
/* End XCBuildConfiguration section */

/* Begin XCConfigurationList section */
		4F21D1622947721F001E8853 /* Build configuration list for PBXProject "StoryPaper_iOS" */ = {
			isa = XCConfigurationList;
			buildConfigurations = (
				4F21D1792947721F001E8853 /* Debug */,
				4F21D17A2947721F001E8853 /* Release */,
			);
			defaultConfigurationIsVisible = 0;
			defaultConfigurationName = Release;
		};
		4F21D17B2947721F001E8853 /* Build configuration list for PBXNativeTarget "StoryPaper_iOS" */ = {
			isa = XCConfigurationList;
			buildConfigurations = (
				4F21D17C2947721F001E8853 /* Debug */,
				4F21D17D2947721F001E8853 /* Release */,
			);
			defaultConfigurationIsVisible = 0;
			defaultConfigurationName = Release;
		};
		4F6EC7E2294F55230082A9D3 /* Build configuration list for PBXNativeTarget "StoryPaper_iOS_UITests" */ = {
			isa = XCConfigurationList;
			buildConfigurations = (
				4F6EC7E0294F55230082A9D3 /* Debug */,
				4F6EC7E1294F55230082A9D3 /* Release */,
			);
			defaultConfigurationIsVisible = 0;
			defaultConfigurationName = Release;
		};
/* End XCConfigurationList section */

/* Begin XCSwiftPackageProductDependency section */
		4F29DBE929532CC000B05E1C /* SPDataCacheStore */ = {
			isa = XCSwiftPackageProductDependency;
			productName = SPDataCacheStore;
		};
		4F4CD7BF294860AA0061689D /* SPWebParser */ = {
			isa = XCSwiftPackageProductDependency;
			productName = SPWebParser;
		};
/* End XCSwiftPackageProductDependency section */
	};
	rootObject = 4F21D15F2947721F001E8853 /* Project object */;
}
